
Microsoft Visual Studio Solution File, Format Version 12.00
# Visual Studio 2013
VisualStudioVersion = 12.0.30501.0
MinimumVisualStudioVersion = 10.0.40219.1
Project("{FAE04EC0-301F-11D3-BF4B-00C04F79EFBC}") = "KTL_game", "KTL_game\KTL_game.csproj", "{D43022B5-59AB-4A54-9488-729E6FD695F2}"
EndProject
Project("{FAE04EC0-301F-11D3-BF4B-00C04F79EFBC}") = "KTL_UnitTest", "KTL_UnitTest\KTL_UnitTest.csproj", "{B76EF211-7819-4A13-8FCF-BEB15B90862B}"
EndProject
Global
	GlobalSection(SolutionConfigurationPlatforms) = preSolution
		Debug|Any CPU = Debug|Any CPU
		Release|Any CPU = Release|Any CPU
	EndGlobalSection
	GlobalSection(ProjectConfigurationPlatforms) = postSolution
		{D43022B5-59AB-4A54-9488-729E6FD695F2}.Debug|Any CPU.ActiveCfg = Debug|Any CPU
		{D43022B5-59AB-4A54-9488-729E6FD695F2}.Debug|Any CPU.Build.0 = Debug|Any CPU
		{D43022B5-59AB-4A54-9488-729E6FD695F2}.Release|Any CPU.ActiveCfg = Release|Any CPU
		{D43022B5-59AB-4A54-9488-729E6FD695F2}.Release|Any CPU.Build.0 = Release|Any CPU
		{B76EF211-7819-4A13-8FCF-BEB15B90862B}.Debug|Any CPU.ActiveCfg = Debug|Any CPU
		{B76EF211-7819-4A13-8FCF-BEB15B90862B}.Debug|Any CPU.Build.0 = Debug|Any CPU
		{B76EF211-7819-4A13-8FCF-BEB15B90862B}.Release|Any CPU.ActiveCfg = Release|Any CPU
		{B76EF211-7819-4A13-8FCF-BEB15B90862B}.Release|Any CPU.Build.0 = Release|Any CPU
	EndGlobalSection
	GlobalSection(SolutionProperties) = preSolution
		HideSolutionNode = FALSE
	EndGlobalSection
EndGlobal
